PODS:
  - AdColony (4.9.0)
  - Adjust (4.38.0):
    - Adjust/Core (= 4.38.0)
  - Adjust/Core (4.38.0)
  - adjust_sdk (4.38.0):
    - Adjust (= 4.38.0)
    - Flutter
  - admost_flutter_plugin (1.2.6):
    - AMRSDK
    - Flutter
  - AdmostFairAds (1.3.1)
  - Ads-Global (5.9.0.6):
    - Ads-Global/BUAdSDK (= 5.9.0.6)
  - Ads-Global/BUAdSDK (5.9.0.6):
    - Ads-Global/BURelyAdSDK
    - Ads-Global/Dep_Accurate
  - Ads-Global/BURelyAdSDK (5.9.0.6)
  - Ads-Global/Dep_Accurate (5.9.0.6):
    - BURelyFoundation_Global/Pangle (= 0.2.1.4)
  - advertising_id (0.0.1):
    - Flutter
  - agora_rtc_engine (6.3.0):
    - AgoraIrisRTC_iOS (= 4.3.0-build.2)
    - AgoraRtcEngine_iOS (= 4.3.0)
    - Flutter
  - AgoraIrisRTC_iOS (4.3.0-build.2)
  - AgoraRtcEngine_iOS (4.3.0):
    - AgoraRtcEngine_iOS/AIAEC (= 4.3.0)
    - AgoraRtcEngine_iOS/AINS (= 4.3.0)
    - AgoraRtcEngine_iOS/AudioBeauty (= 4.3.0)
    - AgoraRtcEngine_iOS/ClearVision (= 4.3.0)
    - AgoraRtcEngine_iOS/ContentInspect (= 4.3.0)
    - AgoraRtcEngine_iOS/FaceCapture (= 4.3.0)
    - AgoraRtcEngine_iOS/FaceDetection (= 4.3.0)
    - AgoraRtcEngine_iOS/ReplayKit (= 4.3.0)
    - AgoraRtcEngine_iOS/RtcBasic (= 4.3.0)
    - AgoraRtcEngine_iOS/SpatialAudio (= 4.3.0)
    - AgoraRtcEngine_iOS/VideoAv1CodecDec (= 4.3.0)
    - AgoraRtcEngine_iOS/VideoCodecDec (= 4.3.0)
    - AgoraRtcEngine_iOS/VideoCodecEnc (= 4.3.0)
    - AgoraRtcEngine_iOS/VirtualBackground (= 4.3.0)
    - AgoraRtcEngine_iOS/VQA (= 4.3.0)
  - AgoraRtcEngine_iOS/AIAEC (4.3.0)
  - AgoraRtcEngine_iOS/AINS (4.3.0)
  - AgoraRtcEngine_iOS/AudioBeauty (4.3.0)
  - AgoraRtcEngine_iOS/ClearVision (4.3.0)
  - AgoraRtcEngine_iOS/ContentInspect (4.3.0)
  - AgoraRtcEngine_iOS/FaceCapture (4.3.0)
  - AgoraRtcEngine_iOS/FaceDetection (4.3.0)
  - AgoraRtcEngine_iOS/ReplayKit (4.3.0)
  - AgoraRtcEngine_iOS/RtcBasic (4.3.0)
  - AgoraRtcEngine_iOS/SpatialAudio (4.3.0)
  - AgoraRtcEngine_iOS/VideoAv1CodecDec (4.3.0)
  - AgoraRtcEngine_iOS/VideoCodecDec (4.3.0)
  - AgoraRtcEngine_iOS/VideoCodecEnc (4.3.0)
  - AgoraRtcEngine_iOS/VirtualBackground (4.3.0)
  - AgoraRtcEngine_iOS/VQA (4.3.0)
  - AMRAdapterAdcolony (4.9.0.1):
    - AdColony (= 4.9.0)
    - AMRSDK (~> 1.5.7)
  - AMRAdapterAdmob (11.2.0.0):
    - AMRSDK (~> 1.5.42)
    - Google-Mobile-Ads-SDK (= 11.2.0)
  - AMRAdapterAdmost (1.6.9.1):
    - AMRAdmostSDK (~> 1.0.9)
    - AMRSDK (~> 1.5.9)
  - AMRAdapterApplovin (12.4.0.0):
    - AMRSDK (~> 1.5.16)
    - AppLovinSDK (= 12.4.0)
  - AMRAdapterChartboost (9.7.0.0):
    - AMRSDK (~> 1.5.15)
    - ChartboostSDK (= 9.7.0)
  - AMRAdapterCriteo (6.0.0.0):
    - AMRSDK (~> 1.5.6)
    - CriteoPublisherSdk (= 6.0.0)
  - AMRAdapterInmobi (10.7.1.0):
    - AMRSDK (~> 1.5.38)
    - InMobiSDK (= 10.7.1)
  - AMRAdapterIronsource (7.9.1.0):
    - AMRSDK (~> 1.5.7)
    - IronSourceSDK (= 7.9.1)
  - AMRAdapterLiftoff (7.3.1.0):
    - AMRSDK (~> 1.5.7)
    - VungleAds (= 7.3.1)
  - AMRAdapterPangle (5.9.0.6):
    - Ads-Global (= 5.9.0.6)
    - AMRSDK (~> 1.5.33)
  - AMRAdapterUnity (4.10.0.0):
    - AMRSDK (~> 1.5.7)
    - UnityAds (= 4.10.0)
  - AMRAdapterVungle (7.3.0.0):
    - AMRAdapterLiftoff
  - AMRAdmostSDK (1.0.15):
    - AMRSDK (~> 1.5.7)
    - KokteylLog (~> 1.1.1)
  - AMRSDK (1.5.45):
    - AMRSDK/AFA (= 1.5.45)
    - AMRSDK/Core (= 1.5.45)
    - KokteylLog (~> 1.1.1)
  - AMRSDK/AFA (1.5.45):
    - AdmostFairAds (~> 1.3.0)
    - KokteylLog (~> 1.1.1)
  - AMRSDK/Core (1.5.45):
    - KokteylLog (~> 1.1.1)
  - app_settings (5.1.1):
    - Flutter
  - app_tracking_transparency (0.0.1):
    - Flutter
  - AppAuth (1.7.5):
    - AppAuth/Core (= 1.7.5)
    - AppAuth/ExternalUserAgent (= 1.7.5)
  - AppAuth/Core (1.7.5)
  - AppAuth/ExternalUserAgent (1.7.5):
    - AppAuth/Core
  - AppLovinSDK (12.4.0)
  - appsflyer_sdk (6.14.2):
    - AppsFlyerFramework (= 6.14.2)
    - Flutter
  - AppsFlyerFramework (6.14.2):
    - AppsFlyerFramework/Main (= 6.14.2)
  - AppsFlyerFramework/Main (6.14.2)
  - audio_session (0.0.1):
    - Flutter
  - audio_waveforms (0.0.1):
    - Flutter
  - audioplayers_darwin (0.0.1):
    - Flutter
  - better_player (0.0.1):
    - Cache (~> 6.0.0)
    - Flutter
    - GCDWebServer
    - HLSCachingReverseProxyServer
    - PINCache
  - BURelyFoundation_Global/AFNetworking (0.2.1.4)
  - BURelyFoundation_Global/APM (0.2.1.4)
  - BURelyFoundation_Global/Foundation (0.2.1.4):
    - BURelyFoundation_Global/NETWork
  - BURelyFoundation_Global/Gecko (0.2.1.4):
    - BURelyFoundation_Global/Foundation
  - BURelyFoundation_Global/Header (0.2.1.4)
  - BURelyFoundation_Global/NETWork (0.2.1.4):
    - BURelyFoundation_Global/AFNetworking
  - BURelyFoundation_Global/Pangle (0.2.1.4):
    - BURelyFoundation_Global/AFNetworking
    - BURelyFoundation_Global/APM
    - BURelyFoundation_Global/Foundation
    - BURelyFoundation_Global/Gecko
    - BURelyFoundation_Global/Header
    - BURelyFoundation_Global/NETWork
    - BURelyFoundation_Global/SDWebImage
    - BURelyFoundation_Global/YYModel
    - BURelyFoundation_Global/ZFPlayer
    - BURelyFoundation_Global/Zip
  - BURelyFoundation_Global/SDWebImage (0.2.1.4):
    - BURelyFoundation_Global/Foundation
  - BURelyFoundation_Global/YYModel (0.2.1.4)
  - BURelyFoundation_Global/ZFPlayer (0.2.1.4):
    - BURelyFoundation_Global/Foundation
    - BURelyFoundation_Global/Zip
  - BURelyFoundation_Global/Zip (0.2.1.4):
    - BURelyFoundation_Global/Foundation
  - Cache (6.0.0)
  - camera_avfoundation (0.0.1):
    - Flutter
  - ChartboostSDK (9.7.0)
  - CriteoMRAID (1.0.1)
  - CriteoPublisherSdk (6.0.0):
    - CriteoMRAID (~> 1.0.1)
    - CriteoPublisherSdk/Sdk (= 6.0.0)
  - CriteoPublisherSdk/Sdk (6.0.0):
    - CriteoMRAID (~> 1.0.1)
  - device_info (0.0.1):
    - Flutter
  - device_info_plus (0.0.1):
    - Flutter
  - devicelocale (0.0.1):
    - Flutter
  - DTTJailbreakDetection (0.4.0)
  - facebook_app_events (0.0.1):
    - FBAudienceNetwork (~> 6.15)
    - FBSDKCoreKit (~> 17.0)
    - Flutter
  - FBAEMKit (17.0.0):
    - FBSDKCoreKit_Basics (= 17.0.0)
  - FBAudienceNetwork (6.15.0)
  - FBSDKCoreKit (17.0.0):
    - FBAEMKit (= 17.0.0)
    - FBSDKCoreKit_Basics (= 17.0.0)
  - FBSDKCoreKit_Basics (17.0.0)
  - ffmpeg-kit-ios-https (6.0)
  - ffmpeg_kit_flutter (6.0.3):
    - ffmpeg_kit_flutter/https (= 6.0.3)
    - Flutter
  - ffmpeg_kit_flutter/https (6.0.3):
    - ffmpeg-kit-ios-https (= 6.0)
    - Flutter
  - Firebase/Analytics (10.20.0):
    - Firebase/Core
  - Firebase/Auth (10.20.0):
    - Firebase/CoreOnly
    - FirebaseAuth (~> 10.20.0)
  - Firebase/Core (10.20.0):
    - Firebase/CoreOnly
    - FirebaseAnalytics (~> 10.20.0)
  - Firebase/CoreOnly (10.20.0):
    - FirebaseCore (= 10.20.0)
  - Firebase/Crashlytics (10.20.0):
    - Firebase/CoreOnly
    - FirebaseCrashlytics (~> 10.20.0)
  - Firebase/Messaging (10.20.0):
    - Firebase/CoreOnly
    - FirebaseMessaging (~> 10.20.0)
  - firebase_analytics (10.8.6):
    - Firebase/Analytics (= 10.20.0)
    - firebase_core
    - Flutter
  - firebase_core (2.25.5):
    - Firebase/CoreOnly (= 10.20.0)
    - Flutter
  - firebase_crashlytics (3.4.15):
    - Firebase/Crashlytics (= 10.20.0)
    - firebase_core
    - Flutter
  - firebase_messaging (14.7.17):
    - Firebase/Messaging (= 10.20.0)
    - firebase_core
    - Flutter
  - FirebaseAnalytics (10.20.0):
    - FirebaseAnalytics/AdIdSupport (= 10.20.0)
    - FirebaseCore (~> 10.0)
    - FirebaseInstallations (~> 10.0)
    - GoogleUtilities/AppDelegateSwizzler (~> 7.11)
    - GoogleUtilities/MethodSwizzler (~> 7.11)
    - GoogleUtilities/Network (~> 7.11)
    - "GoogleUtilities/NSData+zlib (~> 7.11)"
    - nanopb (< 2.30910.0, >= 2.30908.0)
  - FirebaseAnalytics/AdIdSupport (10.20.0):
    - FirebaseCore (~> 10.0)
    - FirebaseInstallations (~> 10.0)
    - GoogleAppMeasurement (= 10.20.0)
    - GoogleUtilities/AppDelegateSwizzler (~> 7.11)
    - GoogleUtilities/MethodSwizzler (~> 7.11)
    - GoogleUtilities/Network (~> 7.11)
    - "GoogleUtilities/NSData+zlib (~> 7.11)"
    - nanopb (< 2.30910.0, >= 2.30908.0)
  - FirebaseAppCheckInterop (10.24.0)
  - FirebaseAuth (10.20.0):
    - FirebaseAppCheckInterop (~> 10.17)
    - FirebaseCore (~> 10.0)
    - GoogleUtilities/AppDelegateSwizzler (~> 7.8)
    - GoogleUtilities/Environment (~> 7.8)
    - GTMSessionFetcher/Core (< 4.0, >= 2.1)
    - RecaptchaInterop (~> 100.0)
  - FirebaseCore (10.20.0):
    - FirebaseCoreInternal (~> 10.0)
    - GoogleUtilities/Environment (~> 7.12)
    - GoogleUtilities/Logger (~> 7.12)
  - FirebaseCoreExtension (10.24.0):
    - FirebaseCore (~> 10.0)
  - FirebaseCoreInternal (10.24.0):
    - "GoogleUtilities/NSData+zlib (~> 7.8)"
  - FirebaseCrashlytics (10.20.0):
    - FirebaseCore (~> 10.5)
    - FirebaseInstallations (~> 10.0)
    - FirebaseSessions (~> 10.5)
    - GoogleDataTransport (~> 9.2)
    - GoogleUtilities/Environment (~> 7.8)
    - nanopb (< 2.30910.0, >= 2.30908.0)
    - PromisesObjC (~> 2.1)
  - FirebaseInstallations (10.24.0):
    - FirebaseCore (~> 10.0)
    - GoogleUtilities/Environment (~> 7.8)
    - GoogleUtilities/UserDefaults (~> 7.8)
    - PromisesObjC (~> 2.1)
  - FirebaseMessaging (10.20.0):
    - FirebaseCore (~> 10.0)
    - FirebaseInstallations (~> 10.0)
    - GoogleDataTransport (~> 9.3)
    - GoogleUtilities/AppDelegateSwizzler (~> 7.8)
    - GoogleUtilities/Environment (~> 7.8)
    - GoogleUtilities/Reachability (~> 7.8)
    - GoogleUtilities/UserDefaults (~> 7.8)
    - nanopb (< 2.30910.0, >= 2.30908.0)
  - FirebaseSessions (10.24.0):
    - FirebaseCore (~> 10.5)
    - FirebaseCoreExtension (~> 10.0)
    - FirebaseInstallations (~> 10.0)
    - GoogleDataTransport (~> 9.2)
    - GoogleUtilities/Environment (~> 7.10)
    - nanopb (< 2.30911.0, >= 2.30908.0)
    - PromisesSwift (~> 2.1)
  - Flutter (1.0.0)
  - flutter_keyboard_visibility (0.0.1):
    - Flutter
  - flutter_native_splash (0.0.1):
    - Flutter
  - flutter_screenshot_switcher (0.0.1):
    - Flutter
  - flutter_secure_storage (6.0.0):
    - Flutter
  - fluttertoast (0.0.2):
    - Flutter
    - Toast
  - GCDWebServer (3.5.4):
    - GCDWebServer/Core (= 3.5.4)
  - GCDWebServer/Core (3.5.4)
  - Google-Mobile-Ads-SDK (11.2.0):
    - GoogleUserMessagingPlatform (>= 1.1)
  - google_mobile_ads (1.0.0):
    - Flutter
    - Google-Mobile-Ads-SDK (~> 11.2.0)
    - webview_flutter_wkwebview
  - google_sign_in_ios (0.0.1):
    - AppAuth (>= 1.7.4)
    - Flutter
    - FlutterMacOS
    - GoogleSignIn (~> 7.1)
    - GTMSessionFetcher (>= 3.4.0)
  - GoogleAppMeasurement (10.20.0):
    - GoogleAppMeasurement/AdIdSupport (= 10.20.0)
    - GoogleUtilities/AppDelegateSwizzler (~> 7.11)
    - GoogleUtilities/MethodSwizzler (~> 7.11)
    - GoogleUtilities/Network (~> 7.11)
    - "GoogleUtilities/NSData+zlib (~> 7.11)"
    - nanopb (< 2.30910.0, >= 2.30908.0)
  - GoogleAppMeasurement/AdIdSupport (10.20.0):
    - GoogleAppMeasurement/WithoutAdIdSupport (= 10.20.0)
    - GoogleUtilities/AppDelegateSwizzler (~> 7.11)
    - GoogleUtilities/MethodSwizzler (~> 7.11)
    - GoogleUtilities/Network (~> 7.11)
    - "GoogleUtilities/NSData+zlib (~> 7.11)"
    - nanopb (< 2.30910.0, >= 2.30908.0)
  - GoogleAppMeasurement/WithoutAdIdSupport (10.20.0):
    - GoogleUtilities/AppDelegateSwizzler (~> 7.11)
    - GoogleUtilities/MethodSwizzler (~> 7.11)
    - GoogleUtilities/Network (~> 7.11)
    - "GoogleUtilities/NSData+zlib (~> 7.11)"
    - nanopb (< 2.30910.0, >= 2.30908.0)
  - GoogleDataTransport (9.4.1):
    - GoogleUtilities/Environment (~> 7.7)
    - nanopb (< 2.30911.0, >= 2.30908.0)
    - PromisesObjC (< 3.0, >= 1.2)
  - GoogleSignIn (7.1.0):
    - AppAuth (< 2.0, >= 1.7.3)
    - GTMAppAuth (< 5.0, >= 4.1.1)
    - GTMSessionFetcher/Core (~> 3.3)
  - GoogleUserMessagingPlatform (2.4.0)
  - GoogleUtilities (7.13.0):
    - GoogleUtilities/AppDelegateSwizzler (= 7.13.0)
    - GoogleUtilities/Environment (= 7.13.0)
    - GoogleUtilities/ISASwizzler (= 7.13.0)
    - GoogleUtilities/Logger (= 7.13.0)
    - GoogleUtilities/MethodSwizzler (= 7.13.0)
    - GoogleUtilities/Network (= 7.13.0)
    - "GoogleUtilities/NSData+zlib (= 7.13.0)"
    - GoogleUtilities/Privacy (= 7.13.0)
    - GoogleUtilities/Reachability (= 7.13.0)
    - GoogleUtilities/SwizzlerTestHelpers (= 7.13.0)
    - GoogleUtilities/UserDefaults (= 7.13.0)
  - GoogleUtilities/AppDelegateSwizzler (7.13.0):
    - GoogleUtilities/Environment
    - GoogleUtilities/Logger
    - GoogleUtilities/Network
    - GoogleUtilities/Privacy
  - GoogleUtilities/Environment (7.13.0):
    - GoogleUtilities/Privacy
    - PromisesObjC (< 3.0, >= 1.2)
  - GoogleUtilities/ISASwizzler (7.13.0):
    - GoogleUtilities/Privacy
  - GoogleUtilities/Logger (7.13.0):
    - GoogleUtilities/Environment
    - GoogleUtilities/Privacy
  - GoogleUtilities/MethodSwizzler (7.13.0):
    - GoogleUtilities/Logger
    - GoogleUtilities/Privacy
  - GoogleUtilities/Network (7.13.0):
    - GoogleUtilities/Logger
    - "GoogleUtilities/NSData+zlib"
    - GoogleUtilities/Privacy
    - GoogleUtilities/Reachability
  - "GoogleUtilities/NSData+zlib (7.13.0)":
    - GoogleUtilities/Privacy
  - GoogleUtilities/Privacy (7.13.0)
  - GoogleUtilities/Reachability (7.13.0):
    - GoogleUtilities/Logger
    - GoogleUtilities/Privacy
  - GoogleUtilities/SwizzlerTestHelpers (7.13.0):
    - GoogleUtilities/MethodSwizzler
  - GoogleUtilities/UserDefaults (7.13.0):
    - GoogleUtilities/Logger
    - GoogleUtilities/Privacy
  - GTMAppAuth (4.1.1):
    - AppAuth/Core (~> 1.7)
    - GTMSessionFetcher/Core (< 4.0, >= 3.3)
  - GTMSessionFetcher (3.4.1):
    - GTMSessionFetcher/Full (= 3.4.1)
  - GTMSessionFetcher/Core (3.4.1)
  - GTMSessionFetcher/Full (3.4.1):
    - GTMSessionFetcher/Core
  - HLSCachingReverseProxyServer (0.1.0):
    - GCDWebServer (~> 3.5)
    - PINCache (>= 3.0.1-beta.3)
  - image_crop (0.0.1):
    - Flutter
  - image_cropper (0.0.4):
    - Flutter
    - TOCropViewController (~> 2.6.1)
  - image_picker_ios (0.0.1):
    - Flutter
  - in_app_purchase_storekit (0.0.1):
    - Flutter
    - FlutterMacOS
  - in_app_review (0.2.0):
    - Flutter
  - InMobiSDK (10.7.1)
  - iris_method_channel (0.0.1):
    - Flutter
  - ironsource_mediation (1.2.1):
    - Flutter
    - IronSourceSDK (= 7.9.1.0)
  - IronSourceSDK (7.9.1.0)
  - just_audio (0.0.1):
    - Flutter
  - KokteylLog (1.1.1)
  - launch_review (0.0.1):
    - Flutter
  - libwebp (1.3.2):
    - libwebp/demux (= 1.3.2)
    - libwebp/mux (= 1.3.2)
    - libwebp/sharpyuv (= 1.3.2)
    - libwebp/webp (= 1.3.2)
  - libwebp/demux (1.3.2):
    - libwebp/webp
  - libwebp/mux (1.3.2):
    - libwebp/demux
  - libwebp/sharpyuv (1.3.2)
  - libwebp/webp (1.3.2):
    - libwebp/sharpyuv
  - nanopb (2.30909.1):
    - nanopb/decode (= 2.30909.1)
    - nanopb/encode (= 2.30909.1)
  - nanopb/decode (2.30909.1)
  - nanopb/encode (2.30909.1)
  - package_info_plus (0.4.5):
    - Flutter
  - path_provider_foundation (0.0.1):
    - Flutter
    - FlutterMacOS
  - permission_handler_apple (9.3.0):
    - Flutter
  - photo_gallery (0.0.1):
    - Flutter
  - photo_manager (2.0.0):
    - Flutter
    - FlutterMacOS
  - PINCache (3.0.3):
    - PINCache/Arc-exception-safe (= 3.0.3)
    - PINCache/Core (= 3.0.3)
  - PINCache/Arc-exception-safe (3.0.3):
    - PINCache/Core
  - PINCache/Core (3.0.3):
    - PINOperation (~> 1.2.1)
  - PINOperation (1.2.2)
  - platform_device_id (0.0.1):
    - Flutter
  - PromisesObjC (2.4.0)
  - PromisesSwift (2.4.0):
    - PromisesObjC (= 2.4.0)
  - purchases_flutter (6.27.0):
    - Flutter
    - PurchasesHybridCommon (= 10.4.1)
  - PurchasesHybridCommon (10.4.1):
    - RevenueCat (= 4.40.1)
  - RecaptchaInterop (100.0.0)
  - RevenueCat (4.40.1)
  - safe_device (1.0.0):
    - DTTJailbreakDetection
    - Flutter
  - screen_brightness_ios (0.1.0):
    - Flutter
  - share (0.0.1):
    - Flutter
  - shared_preferences_foundation (0.0.1):
    - Flutter
    - FlutterMacOS
  - sign_in_with_apple (0.0.1):
    - Flutter
  - sqflite (0.0.3):
    - Flutter
    - FlutterMacOS
  - Toast (4.1.1)
  - TOCropViewController (2.6.1)
  - uni_links (0.0.1):
    - Flutter
  - UnityAds (4.10.0)
  - url_launcher_ios (0.0.1):
    - Flutter
  - video_player_avfoundation (0.0.1):
    - Flutter
    - FlutterMacOS
  - video_thumbnail (0.0.1):
    - Flutter
    - libwebp
  - volume_controller (0.0.1):
    - Flutter
  - VungleAds (7.3.1)
  - wakelock (0.0.1):
    - Flutter
  - wakelock_plus (0.0.1):
    - Flutter
  - webview_flutter_wkwebview (0.0.1):
    - Flutter

DEPENDENCIES:
  - adjust_sdk (from `.symlinks/plugins/adjust_sdk/ios`)
  - admost_flutter_plugin (from `.symlinks/plugins/admost_flutter_plugin/ios`)
  - advertising_id (from `.symlinks/plugins/advertising_id/ios`)
  - agora_rtc_engine (from `.symlinks/plugins/agora_rtc_engine/ios`)
  - AMRAdapterAdcolony (~> 4.9)
  - AMRAdapterAdmob (~> 11.1)
  - AMRAdapterAdmost (~> 1.6)
  - AMRAdapterApplovin (~> 12.3)
  - AMRAdapterChartboost (~> 9.7)
  - AMRAdapterCriteo (~> 6.0)
  - AMRAdapterInmobi (~> 10.6)
  - AMRAdapterIronsource (~> 7.9)
  - AMRAdapterPangle (~> 5.8)
  - AMRAdapterUnity (~> 4.9)
  - AMRAdapterVungle (~> 7.2)
  - AMRSDK (~> 1.5)
  - app_settings (from `.symlinks/plugins/app_settings/ios`)
  - app_tracking_transparency (from `.symlinks/plugins/app_tracking_transparency/ios`)
  - appsflyer_sdk (from `.symlinks/plugins/appsflyer_sdk/ios`)
  - audio_session (from `.symlinks/plugins/audio_session/ios`)
  - audio_waveforms (from `.symlinks/plugins/audio_waveforms/ios`)
  - audioplayers_darwin (from `.symlinks/plugins/audioplayers_darwin/ios`)
  - better_player (from `.symlinks/plugins/better_player/ios`)
  - camera_avfoundation (from `.symlinks/plugins/camera_avfoundation/ios`)
  - device_info (from `.symlinks/plugins/device_info/ios`)
  - device_info_plus (from `.symlinks/plugins/device_info_plus/ios`)
  - devicelocale (from `.symlinks/plugins/devicelocale/ios`)
  - facebook_app_events (from `.symlinks/plugins/facebook_app_events/ios`)
  - FBAudienceNetwork (~> 6.15)
  - ffmpeg_kit_flutter (from `.symlinks/plugins/ffmpeg_kit_flutter/ios`)
  - Firebase/Analytics (~> 10.20.0)
  - Firebase/Auth
  - Firebase/Core (~> 10.20.0)
  - Firebase/Crashlytics
  - Firebase/Messaging (~> 10.20.0)
  - firebase_analytics (from `.symlinks/plugins/firebase_analytics/ios`)
  - firebase_core (from `.symlinks/plugins/firebase_core/ios`)
  - firebase_crashlytics (from `.symlinks/plugins/firebase_crashlytics/ios`)
  - firebase_messaging (from `.symlinks/plugins/firebase_messaging/ios`)
  - Flutter (from `Flutter`)
  - flutter_keyboard_visibility (from `.symlinks/plugins/flutter_keyboard_visibility/ios`)
  - flutter_native_splash (from `.symlinks/plugins/flutter_native_splash/ios`)
  - flutter_screenshot_switcher (from `.symlinks/plugins/flutter_screenshot_switcher/ios`)
  - flutter_secure_storage (from `.symlinks/plugins/flutter_secure_storage/ios`)
  - fluttertoast (from `.symlinks/plugins/fluttertoast/ios`)
  - Google-Mobile-Ads-SDK
  - google_mobile_ads (from `.symlinks/plugins/google_mobile_ads/ios`)
  - google_sign_in_ios (from `.symlinks/plugins/google_sign_in_ios/darwin`)
  - GoogleUtilities
  - image_crop (from `.symlinks/plugins/image_crop/ios`)
  - image_cropper (from `.symlinks/plugins/image_cropper/ios`)
  - image_picker_ios (from `.symlinks/plugins/image_picker_ios/ios`)
  - in_app_purchase_storekit (from `.symlinks/plugins/in_app_purchase_storekit/darwin`)
  - in_app_review (from `.symlinks/plugins/in_app_review/ios`)
  - iris_method_channel (from `.symlinks/plugins/iris_method_channel/ios`)
  - ironsource_mediation (from `.symlinks/plugins/ironsource_mediation/ios`)
  - just_audio (from `.symlinks/plugins/just_audio/ios`)
  - launch_review (from `.symlinks/plugins/launch_review/ios`)
  - package_info_plus (from `.symlinks/plugins/package_info_plus/ios`)
  - path_provider_foundation (from `.symlinks/plugins/path_provider_foundation/darwin`)
  - permission_handler_apple (from `.symlinks/plugins/permission_handler_apple/ios`)
  - photo_gallery (from `.symlinks/plugins/photo_gallery/ios`)
  - photo_manager (from `.symlinks/plugins/photo_manager/ios`)
  - platform_device_id (from `.symlinks/plugins/platform_device_id/ios`)
  - purchases_flutter (from `.symlinks/plugins/purchases_flutter/ios`)
  - safe_device (from `.symlinks/plugins/safe_device/ios`)
  - screen_brightness_ios (from `.symlinks/plugins/screen_brightness_ios/ios`)
  - share (from `.symlinks/plugins/share/ios`)
  - shared_preferences_foundation (from `.symlinks/plugins/shared_preferences_foundation/darwin`)
  - sign_in_with_apple (from `.symlinks/plugins/sign_in_with_apple/ios`)
  - sqflite (from `.symlinks/plugins/sqflite/darwin`)
  - uni_links (from `.symlinks/plugins/uni_links/ios`)
  - url_launcher_ios (from `.symlinks/plugins/url_launcher_ios/ios`)
  - video_player_avfoundation (from `.symlinks/plugins/video_player_avfoundation/darwin`)
  - video_thumbnail (from `.symlinks/plugins/video_thumbnail/ios`)
  - volume_controller (from `.symlinks/plugins/volume_controller/ios`)
  - wakelock (from `.symlinks/plugins/wakelock/ios`)
  - wakelock_plus (from `.symlinks/plugins/wakelock_plus/ios`)
  - webview_flutter_wkwebview (from `.symlinks/plugins/webview_flutter_wkwebview/ios`)

SPEC REPOS:
  trunk:
    - AdColony
    - Adjust
    - AdmostFairAds
    - Ads-Global
    - AgoraIrisRTC_iOS
    - AgoraRtcEngine_iOS
    - AMRAdapterAdcolony
    - AMRAdapterAdmob
    - AMRAdapterAdmost
    - AMRAdapterApplovin
    - AMRAdapterChartboost
    - AMRAdapterCriteo
    - AMRAdapterInmobi
    - AMRAdapterIronsource
    - AMRAdapterLiftoff
    - AMRAdapterPangle
    - AMRAdapterUnity
    - AMRAdapterVungle
    - AMRAdmostSDK
    - AMRSDK
    - AppAuth
    - AppLovinSDK
    - AppsFlyerFramework
    - BURelyFoundation_Global
    - Cache
    - ChartboostSDK
    - CriteoMRAID
    - CriteoPublisherSdk
    - DTTJailbreakDetection
    - FBAEMKit
    - FBAudienceNetwork
    - FBSDKCoreKit
    - FBSDKCoreKit_Basics
    - ffmpeg-kit-ios-https
    - Firebase
    - FirebaseAnalytics
    - FirebaseAppCheckInterop
    - FirebaseAuth
    - FirebaseCore
    - FirebaseCoreExtension
    - FirebaseCoreInternal
    - FirebaseCrashlytics
    - FirebaseInstallations
    - FirebaseMessaging
    - FirebaseSessions
    - GCDWebServer
    - Google-Mobile-Ads-SDK
    - GoogleAppMeasurement
    - GoogleDataTransport
    - GoogleSignIn
    - GoogleUserMessagingPlatform
    - GoogleUtilities
    - GTMAppAuth
    - GTMSessionFetcher
    - HLSCachingReverseProxyServer
    - InMobiSDK
    - IronSourceSDK
    - KokteylLog
    - libwebp
    - nanopb
    - PINCache
    - PINOperation
    - PromisesObjC
    - PromisesSwift
    - PurchasesHybridCommon
    - RecaptchaInterop
    - RevenueCat
    - Toast
    - TOCropViewController
    - UnityAds
    - VungleAds

EXTERNAL SOURCES:
  adjust_sdk:
    :path: ".symlinks/plugins/adjust_sdk/ios"
  admost_flutter_plugin:
    :path: ".symlinks/plugins/admost_flutter_plugin/ios"
  advertising_id:
    :path: ".symlinks/plugins/advertising_id/ios"
  agora_rtc_engine:
    :path: ".symlinks/plugins/agora_rtc_engine/ios"
  app_settings:
    :path: ".symlinks/plugins/app_settings/ios"
  app_tracking_transparency:
    :path: ".symlinks/plugins/app_tracking_transparency/ios"
  appsflyer_sdk:
    :path: ".symlinks/plugins/appsflyer_sdk/ios"
  audio_session:
    :path: ".symlinks/plugins/audio_session/ios"
  audio_waveforms:
    :path: ".symlinks/plugins/audio_waveforms/ios"
  audioplayers_darwin:
    :path: ".symlinks/plugins/audioplayers_darwin/ios"
  better_player:
    :path: ".symlinks/plugins/better_player/ios"
  camera_avfoundation:
    :path: ".symlinks/plugins/camera_avfoundation/ios"
  device_info:
    :path: ".symlinks/plugins/device_info/ios"
  device_info_plus:
    :path: ".symlinks/plugins/device_info_plus/ios"
  devicelocale:
    :path: ".symlinks/plugins/devicelocale/ios"
  facebook_app_events:
    :path: ".symlinks/plugins/facebook_app_events/ios"
  ffmpeg_kit_flutter:
    :path: ".symlinks/plugins/ffmpeg_kit_flutter/ios"
  firebase_analytics:
    :path: ".symlinks/plugins/firebase_analytics/ios"
  firebase_core:
    :path: ".symlinks/plugins/firebase_core/ios"
  firebase_crashlytics:
    :path: ".symlinks/plugins/firebase_crashlytics/ios"
  firebase_messaging:
    :path: ".symlinks/plugins/firebase_messaging/ios"
  Flutter:
    :path: Flutter
  flutter_keyboard_visibility:
    :path: ".symlinks/plugins/flutter_keyboard_visibility/ios"
  flutter_native_splash:
    :path: ".symlinks/plugins/flutter_native_splash/ios"
  flutter_screenshot_switcher:
    :path: ".symlinks/plugins/flutter_screenshot_switcher/ios"
  flutter_secure_storage:
    :path: ".symlinks/plugins/flutter_secure_storage/ios"
  fluttertoast:
    :path: ".symlinks/plugins/fluttertoast/ios"
  google_mobile_ads:
    :path: ".symlinks/plugins/google_mobile_ads/ios"
  google_sign_in_ios:
    :path: ".symlinks/plugins/google_sign_in_ios/darwin"
  image_crop:
    :path: ".symlinks/plugins/image_crop/ios"
  image_cropper:
    :path: ".symlinks/plugins/image_cropper/ios"
  image_picker_ios:
    :path: ".symlinks/plugins/image_picker_ios/ios"
  in_app_purchase_storekit:
    :path: ".symlinks/plugins/in_app_purchase_storekit/darwin"
  in_app_review:
    :path: ".symlinks/plugins/in_app_review/ios"
  iris_method_channel:
    :path: ".symlinks/plugins/iris_method_channel/ios"
  ironsource_mediation:
    :path: ".symlinks/plugins/ironsource_mediation/ios"
  just_audio:
    :path: ".symlinks/plugins/just_audio/ios"
  launch_review:
    :path: ".symlinks/plugins/launch_review/ios"
  package_info_plus:
    :path: ".symlinks/plugins/package_info_plus/ios"
  path_provider_foundation:
    :path: ".symlinks/plugins/path_provider_foundation/darwin"
  permission_handler_apple:
    :path: ".symlinks/plugins/permission_handler_apple/ios"
  photo_gallery:
    :path: ".symlinks/plugins/photo_gallery/ios"
  photo_manager:
    :path: ".symlinks/plugins/photo_manager/ios"
  platform_device_id:
    :path: ".symlinks/plugins/platform_device_id/ios"
  purchases_flutter:
    :path: ".symlinks/plugins/purchases_flutter/ios"
  safe_device:
    :path: ".symlinks/plugins/safe_device/ios"
  screen_brightness_ios:
    :path: ".symlinks/plugins/screen_brightness_ios/ios"
  share:
    :path: ".symlinks/plugins/share/ios"
  shared_preferences_foundation:
    :path: ".symlinks/plugins/shared_preferences_foundation/darwin"
  sign_in_with_apple:
    :path: ".symlinks/plugins/sign_in_with_apple/ios"
  sqflite:
    :path: ".symlinks/plugins/sqflite/darwin"
  uni_links:
    :path: ".symlinks/plugins/uni_links/ios"
  url_launcher_ios:
    :path: ".symlinks/plugins/url_launcher_ios/ios"
  video_player_avfoundation:
    :path: ".symlinks/plugins/video_player_avfoundation/darwin"
  video_thumbnail:
    :path: ".symlinks/plugins/video_thumbnail/ios"
  volume_controller:
    :path: ".symlinks/plugins/volume_controller/ios"
  wakelock:
    :path: ".symlinks/plugins/wakelock/ios"
  wakelock_plus:
    :path: ".symlinks/plugins/wakelock_plus/ios"
  webview_flutter_wkwebview:
    :path: ".symlinks/plugins/webview_flutter_wkwebview/ios"

SPEC CHECKSUMS:
  AdColony: af8b7414f317641e0e1e9d23a7b739879e40e4b9
  Adjust: c98d85594a746ff9f2bafe424c5beb6db66cd6a8
  adjust_sdk: 296d7c02d5f22ab0d823d80bdc97ab8b2eeeb00b
  admost_flutter_plugin: 909097d2afeeec4ae3f41fcb4129606c90ce7b19
  AdmostFairAds: f2cfad5ad9d488b4f45db94fc41b7ae8ed28dfa9
  Ads-Global: 3ed9f8c6f11d4d6a4496e1dd74a4537f10b41b65
  advertising_id: 31c738918c2e04d86d80c293357e61e06e87df74
  agora_rtc_engine: f737aeb9ac7fdfcfda875d0d0125eedaa09602f9
  AgoraIrisRTC_iOS: 2caf892fa827777fe43b6ac7d12e9b42579eb865
  AgoraRtcEngine_iOS: 267c0980c1fb97e056d05b850f8629b05b6e467a
  AMRAdapterAdcolony: 00975077a66c73ebd0ac179f294e2b8ba8271662
  AMRAdapterAdmob: 5596cc76062bd4d11bae729f37526bafb0e8c987
  AMRAdapterAdmost: 0f05a8390e74a5f82de46cb2a31514c3b7588004
  AMRAdapterApplovin: 84e39ff37beb6c3b4448023ef48e401ff7b40dde
  AMRAdapterChartboost: 4fa5ebb10fadb019355c61a4364dba43c84158ad
  AMRAdapterCriteo: 06074632af96115dea0a0d2506638b988a2572d5
  AMRAdapterInmobi: f2787f5e07e637de2db258d5b8d46612f8c79968
  AMRAdapterIronsource: 716814628440aff7404545188ce4ff4dd5819940
  AMRAdapterLiftoff: fb58edbb907b6ea7fe949cd52ea9d57dbf1aa95d
  AMRAdapterPangle: 4e99dcb8ac0c2caa5f9603e1317a6bfec737b439
  AMRAdapterUnity: a109654b2dc61e283ab59590f3cf049300c8fae1
  AMRAdapterVungle: 5181e875b0f0da129c719549faec949f662bc3b0
  AMRAdmostSDK: 108882b2cfc0d60dd5e4b8ff7093f6e80ddc1607
  AMRSDK: da0117311b364537077edcc4b9d9786a21213133
  app_settings: 017320c6a680cdc94c799949d95b84cb69389ebc
  app_tracking_transparency: 5b1745ef9ade815f7455cb6a0848349589afb7c5
  AppAuth: 501c04eda8a8d11f179dbe8637b7a91bb7e5d2fa
  AppLovinSDK: 2bf8c7a5100d7a997a52c6f669d23644a853dc0c
  appsflyer_sdk: efd18b6346e0810b20326569a0d52f9d406d5961
  AppsFlyerFramework: b3de9a49c6af8a8e38c44603e468b5e207f22466
  audio_session: 088d2483ebd1dc43f51d253d4a1c517d9a2e7207
  audio_waveforms: cd736909ebc6b6a164eb74701d8c705ce3241e1c
  audioplayers_darwin: 877d9a4d06331c5c374595e46e16453ac7eafa40
  better_player: 2406bfe8175203c7a46fa15f9d778d73b12e1646
  BURelyFoundation_Global: 17ed9cd58d138feefd8c0711dd3294766adcb28e
  Cache: 4ca7e00363fca5455f26534e5607634c820ffc2d
  camera_avfoundation: 759172d1a77ae7be0de08fc104cfb79738b8a59e
  ChartboostSDK: 0cd093c90a5a21c89783fe5be486e511fb2dbfc8
  CriteoMRAID: a037bee17b929a8bede8a07279e01a269cd85210
  CriteoPublisherSdk: 32a4b9dce4c78a04412b5d2b3af56e481f924c40
  device_info: d7d233b645a32c40dfdc212de5cf646ca482f175
  device_info_plus: c6fb39579d0f423935b0c9ce7ee2f44b71b9fce6
  devicelocale: 35ba84dc7f45f527c3001535d8c8d104edd5d926
  DTTJailbreakDetection: 5e356c5badc17995f65a83ed9483f787a0057b71
  facebook_app_events: acb7c266406d3e3592bcf846d7184172ecfd6492
  FBAEMKit: 31a20c2d8744d8c57d3a5b7ae4e27b4fdd819193
  FBAudienceNetwork: 6c560e4c68823ec5da1e84868544a8a246e0e201
  FBSDKCoreKit: dac911b656816f8d0b06e5fa4bac60e89505bb3b
  FBSDKCoreKit_Basics: 92b7b7458d57091370b0b6cc197578874c3b4b16
  ffmpeg-kit-ios-https: f9c838aa5400a6c5ba12324c6b798f52197ba354
  ffmpeg_kit_flutter: b4ca70cac3fc1d8ac14cdc660754b60870358732
  Firebase: 10c8cb12fb7ad2ae0c09ffc86cd9c1ab392a0031
  firebase_analytics: 9c600045bfb4d16dd78593d18f32c99bb77e5001
  firebase_core: c8628c7ce80f79439149549052bff22f6784fbf5
  firebase_crashlytics: 3054fbdd2b4a4a91f25a15e57c9f1bd2a9ed81ae
  firebase_messaging: 6ea1e266713728834610c2bc380084a01b1b555d
  FirebaseAnalytics: a2731bf3670747ce8f65368b118d18aa8e368246
  FirebaseAppCheckInterop: fecc08c89936c8acb1428d8088313aabedb348e4
  FirebaseAuth: 9c5c400d2c3055d8ae3a0284944c86fa95d48dac
  FirebaseCore: 28045c1560a2600d284b9c45a904fe322dc890b6
  FirebaseCoreExtension: af5fd85e817ea9d19f9a2659a376cf9cf99f03c0
  FirebaseCoreInternal: bcb5acffd4ea05e12a783ecf835f2210ce3dc6af
  FirebaseCrashlytics: 81530595edb6d99f1918f723a6c33766a24a4c86
  FirebaseInstallations: 8f581fca6478a50705d2bd2abd66d306e0f5736e
  FirebaseMessaging: 06c414a21b122396a26847c523d5c370f8325df5
  FirebaseSessions: 2651b464e241c93fd44112f995d5ab663c970487
  Flutter: e0871f40cf51350855a761d2e70bf5af5b9b5de7
  flutter_keyboard_visibility: 0339d06371254c3eb25eeb90ba8d17dca8f9c069
  flutter_native_splash: edf599c81f74d093a4daf8e17bd7a018854bc778
  flutter_screenshot_switcher: 1ca39888613b875edad8542327a1db4c61069025
  flutter_secure_storage: 23fc622d89d073675f2eaa109381aefbcf5a49be
  fluttertoast: 9f2f8e81bb5ce18facb9748d7855bf5a756fe3db
  GCDWebServer: 2c156a56c8226e2d5c0c3f208a3621ccffbe3ce4
  Google-Mobile-Ads-SDK: 5a6d005a6cb5b5e8f4c7b69ca05cdea79c181139
  google_mobile_ads: 5698dd1cd5a3cfc6688abec7db5428f237d6b1ac
  google_sign_in_ios: 07375bfbf2620bc93a602c0e27160d6afc6ead38
  GoogleAppMeasurement: bb3c564c3efb933136af0e94899e0a46167466a8
  GoogleDataTransport: 6c09b596d841063d76d4288cc2d2f42cc36e1e2a
  GoogleSignIn: d4281ab6cf21542b1cfaff85c191f230b399d2db
  GoogleUserMessagingPlatform: f131fa7978d2ba88d7426702b057c2cc318e6595
  GoogleUtilities: d053d902a8edaa9904e1bd00c37535385b8ed152
  GTMAppAuth: f69bd07d68cd3b766125f7e072c45d7340dea0de
  GTMSessionFetcher: 8000756fc1c19d2e5697b90311f7832d2e33f6cd
  HLSCachingReverseProxyServer: 59935e1e0244ad7f3375d75b5ef46e8eb26ab181
  image_crop: e0a67085d3ebf3cf46ca46d61c53a082507b0bc3
  image_cropper: a3291c624a953049bc6a02e1f8c8ceb162a24b25
  image_picker_ios: b545a5f16c0fa88e3ecbbce3ed4de45567a8ec18
  in_app_purchase_storekit: 0e4b3c2e43ba1e1281f4f46dd71b0593ce529892
  in_app_review: 318597b3a06c22bb46dc454d56828c85f444f99d
  InMobiSDK: 8b93c1d4d8ac0d91cf9585fc8b65750b8f09e835
  iris_method_channel: 0617c689164d8154c020c50f63ca79f92b8a7b9d
  ironsource_mediation: 0323c8951ae2dd4804b701d6c903f46aa46eccf3
  IronSourceSDK: 4c3c24265e83ca1e4e8fdc5a499d9a5772b5040c
  just_audio: baa7252489dbcf47a4c7cc9ca663e9661c99aafa
  KokteylLog: bfac8bacdadc0723364e0617cdeb99cedae2a69e
  launch_review: 75d5a956ba8eaa493e9c9d4bf4c05e505e8d5ed0
  libwebp: 1786c9f4ff8a279e4dac1e8f385004d5fc253009
  nanopb: d4d75c12cd1316f4a64e3c6963f879ecd4b5e0d5
  package_info_plus: 115f4ad11e0698c8c1c5d8a689390df880f47e85
  path_provider_foundation: 3784922295ac71e43754bd15e0653ccfd36a147c
  permission_handler_apple: 9878588469a2b0d0fc1e048d9f43605f92e6cec2
  photo_gallery: 9f95e57747cd22c10676ece3660d1ffe6c603ee5
  photo_manager: 4f6810b7dfc4feb03b461ac1a70dacf91fba7604
  PINCache: 7a8fc1a691173d21dbddbf86cd515de6efa55086
  PINOperation: daa34d4aa1d8449089be7d405b9d974abc4724c6
  platform_device_id: 81b3e2993881f87d0c82ef151dc274df4869aef5
  PromisesObjC: f5707f49cb48b9636751c5b2e7d227e43fba9f47
  PromisesSwift: 9d77319bbe72ebf6d872900551f7eeba9bce2851
  purchases_flutter: 5a1857a77feec2e518cf0ea84e090ee0a7441c26
  PurchasesHybridCommon: 596ac8a54be4e03cc1398b012bd9cdf134111b70
  RecaptchaInterop: 7d1a4a01a6b2cb1610a47ef3f85f0c411434cb21
  RevenueCat: 9f6b84da3f00953b2eeaaa6fc4710c1d280a5710
  safe_device: 4539eb6bdbeb4b61a763a51c4e73e6b37dea4e3d
  screen_brightness_ios: 7437207a2a9bc56553aa10f782afecf830b4c4e2
  share: 0b2c3e82132f5888bccca3351c504d0003b3b410
  shared_preferences_foundation: b4c3b4cddf1c21f02770737f147a3f5da9d39695
  sign_in_with_apple: f3bf75217ea4c2c8b91823f225d70230119b8440
  sqflite: 673a0e54cc04b7d6dba8d24fb8095b31c3a99eec
  Toast: 1f5ea13423a1e6674c4abdac5be53587ae481c4e
  TOCropViewController: edfd4f25713d56905ad1e0b9f5be3fbe0f59c863
  uni_links: d97da20c7701486ba192624d99bffaaffcfc298a
  UnityAds: 5601f6397b0e02ed3ed6ee92827f5177a523aab6
  url_launcher_ios: 6116280ddcfe98ab8820085d8d76ae7449447586
  video_player_avfoundation: 2b4384f3b157206b5e150a0083cdc0c905d260d3
  video_thumbnail: c4e2a3c539e247d4de13cd545344fd2d26ffafd1
  volume_controller: 531ddf792994285c9b17f9d8a7e4dcdd29b3eae9
  VungleAds: 04a17ab51fb61f41cd6d666fd0024509005740fe
  wakelock: d0fc7c864128eac40eba1617cb5264d9c940b46f
  wakelock_plus: 8b09852c8876491e4b6d179e17dfe2a0b5f60d47
  webview_flutter_wkwebview: be0f0d33777f1bfd0c9fdcb594786704dbf65f36

PODFILE CHECKSUM: b8911da446df9fb0244a8df59f9ef3fe5ce5f0d7

COCOAPODS: 1.15.2
